
Microsoft Visual Studio Solution File, Format Version 12.00
# Visual Studio Version 17
VisualStudioVersion = 17.10.35013.160
MinimumVisualStudioVersion = 10.0.40219.1
Project("{FAE04EC0-301F-11D3-BF4B-00C04F79EFBC}") = "Reg", "Reg\Reg.csproj", "{F4B99AA6-8D03-40E0-9418-D46A5D5D458A}"
EndProject
Global
	GlobalSection(SolutionConfigurationPlatforms) = preSolution
		Debug|Any CPU = Debug|Any CPU
		Release|Any CPU = Release|Any CPU
	EndGlobalSection
	GlobalSection(ProjectConfigurationPlatforms) = postSolution
		{F4B99AA6-8D03-40E0-9418-D46A5D5D458A}.Debug|Any CPU.ActiveCfg = Debug|Any CPU
		{F4B99AA6-8D03-40E0-9418-D46A5D5D458A}.Debug|Any CPU.Build.0 = Debug|Any CPU
		{F4B99AA6-8D03-40E0-9418-D46A5D5D458A}.Release|Any CPU.ActiveCfg = Release|Any CPU
		{F4B99AA6-8D03-40E0-9418-D46A5D5D458A}.Release|Any CPU.Build.0 = Release|Any CPU
	EndGlobalSection
	GlobalSection(SolutionProperties) = preSolution
		HideSolutionNode = FALSE
	EndGlobalSection
	GlobalSection(ExtensibilityGlobals) = postSolution
		SolutionGuid = {B96AECEE-58A2-46BA-A2B9-3587BC8C4FE1}
	EndGlobalSection
EndGlobal
